<Solution>
  <Project Path="Day1-1/Day1-1.csproj" />
  <Project Path="Day1-2/Day1-2.csproj" />
  <Project Path="Day2-1/Day2-1.csproj" Id="e5a52c3f-1c55-4a06-a375-a59c198facd6" />
  <Project Path="Day2-2/Day2-2.csproj" Id="1306e9d1-814f-4d0a-b08a-30b643373965" />
  <Project Path="Day3-1/Day3-1.csproj" Id="07ee789e-a8c2-4aa0-b2d9-7a2da2f4a175" />
  <Project Path="Day3-2/Day3-2.csproj" Id="75c4c028-e149-4070-907f-a88ae57a94d1" />
  <Project Path="Day4-1/Day4-1.csproj" Id="be9ebd1f-05c5-4155-96c5-51d03dd10b2f" />
  <Project Path="Day4-2/Day4-2.csproj" Id="f6270c8b-3b07-4807-9c4d-269e61b54bde" />
  <Project Path="Day5-1/Day5-1.csproj" Id="dd3c0fda-1731-42dd-83f5-1ac409a34f15" />
  <Project Path="Day5-2/Day5-2.csproj" Id="dba1c217-9c82-4572-8856-932e7afa202f" />
  <Project Path="Day6-1/Day6-1.csproj" Id="2ae5153a-7c1f-461f-9811-c8cf9ab51885" />
  <Project Path="Day6-2/Day6-2.csproj" Id="6999ec71-0daa-42ce-8714-16e55ee0613f" />
  <Project Path="Day7-1/Day7-1.csproj" Id="61a2a91c-e535-4a12-a612-ec8c6af45c23" />
  <Project Path="Day7-2/Day7-2.csproj" Id="cbde222b-05a1-4746-a697-96611a8aac92" />
  <Project Path="Day8-1/Day8-1.csproj" Id="0dec0624-b13e-42e1-9d10-cb10538144d2" />
</Solution>
